
Microsoft Visual Studio Solution File, Format Version 12.00
# Visual Studio Version 17
VisualStudioVersion = 17.4.33213.308
MinimumVisualStudioVersion = 10.0.40219.1
Project("{FAE04EC0-301F-11D3-BF4B-00C04F79EFBC}") = "parcialAlgoritmosCorte2", "parcialAlgoritmosCorte2\parcialAlgoritmosCorte2.csproj", "{EE6FEE4A-5D74-4B32-B4FF-20CA9C7D81AF}"
EndProject
Global
	GlobalSection(SolutionConfigurationPlatforms) = preSolution
		Debug|Any CPU = Debug|Any CPU
		Release|Any CPU = Release|Any CPU
	EndGlobalSection
	GlobalSection(ProjectConfigurationPlatforms) = postSolution
		{EE6FEE4A-5D74-4B32-B4FF-20CA9C7D81AF}.Debug|Any CPU.ActiveCfg = Debug|Any CPU
		{EE6FEE4A-5D74-4B32-B4FF-20CA9C7D81AF}.Debug|Any CPU.Build.0 = Debug|Any CPU
		{EE6FEE4A-5D74-4B32-B4FF-20CA9C7D81AF}.Release|Any CPU.ActiveCfg = Release|Any CPU
		{EE6FEE4A-5D74-4B32-B4FF-20CA9C7D81AF}.Release|Any CPU.Build.0 = Release|Any CPU
	EndGlobalSection
	GlobalSection(SolutionProperties) = preSolution
		HideSolutionNode = FALSE
	EndGlobalSection
	GlobalSection(ExtensibilityGlobals) = postSolution
		SolutionGuid = {97844F0E-5ACC-46FC-9804-2BF7AAB037C1}
	EndGlobalSection
EndGlobal
